{
  "requires": true,
  "lockfileVersion": 1,
  "dependencies": {
    "@ngx-translate/core": {
      "version": "10.0.2",
      "resolved": "https://registry.npmjs.org/@ngx-translate/core/-/core-10.0.2.tgz",
      "integrity": "sha512-7nM3DrJaqKswwtJlbu2kuKNl+hE8Isr18sKsKvGGpSxQk+G0gO0reDlx2PhUNus7TJTkA1C59vU/JoN8hIvZ4g==",
      "requires": {
        "tslib": "1.9.3"
      }
    },
    "@ngx-translate/http-loader": {
      "version": "3.0.1",
      "resolved": "https://registry.npmjs.org/@ngx-translate/http-loader/-/http-loader-3.0.1.tgz",
      "integrity": "sha1-ILD5i8bCUyESnT4zAqs8xInApCo=",
      "requires": {
        "tslib": "1.9.3"
      }
    },
    "tslib": {
      "version": "1.9.3",
      "resolved": "https://registry.npmjs.org/tslib/-/tslib-1.9.3.tgz",
      "integrity": "sha512-4krF8scpejhaOgqzBEcGM7yDIEfi0/8+8zDRZhNZZ2kjmHJ4hv3zCbQWxoJGz1iw5U0Jl0nma13xzHXcncMavQ=="
    }
  }
}
